
Microsoft Visual Studio Solution File, Format Version 12.00
# Visual Studio Version 16
VisualStudioVersion = 16.0.31702.278
MinimumVisualStudioVersion = 10.0.40219.1
Project("{FAE04EC0-301F-11D3-BF4B-00C04F79EFBC}") = "Extra oefening arrays", "Extra oefening arrays\Extra oefening arrays.csproj", "{603F8151-0CA6-45CF-96F9-9B9D1AE80BB6}"
EndProject
Global
	GlobalSection(SolutionConfigurationPlatforms) = preSolution
		Debug|Any CPU = Debug|Any CPU
		Release|Any CPU = Release|Any CPU
	EndGlobalSection
	GlobalSection(ProjectConfigurationPlatforms) = postSolution
		{603F8151-0CA6-45CF-96F9-9B9D1AE80BB6}.Debug|Any CPU.ActiveCfg = Debug|Any CPU
		{603F8151-0CA6-45CF-96F9-9B9D1AE80BB6}.Debug|Any CPU.Build.0 = Debug|Any CPU
		{603F8151-0CA6-45CF-96F9-9B9D1AE80BB6}.Release|Any CPU.ActiveCfg = Release|Any CPU
		{603F8151-0CA6-45CF-96F9-9B9D1AE80BB6}.Release|Any CPU.Build.0 = Release|Any CPU
	EndGlobalSection
	GlobalSection(SolutionProperties) = preSolution
		HideSolutionNode = FALSE
	EndGlobalSection
	GlobalSection(ExtensibilityGlobals) = postSolution
		SolutionGuid = {60506957-EFD0-4E83-A00C-4DFA90F578D6}
	EndGlobalSection
EndGlobal
